// !$*UTF8*$!
{
	archiveVersion = 1;
	classes = {
	};
	objectVersion = 46;
	objects = {

/* Begin PBXFileReference section */
		3A2F1EFC1EA041480037AE41 /* test.py */ = {isa = PBXFileReference; lastKnownFileType = text.script.python; path = test.py; sourceTree = "<group>"; };
		3A2F1EFD1EA041480037AE41 /* face_recognition.py */ = {isa = PBXFileReference; lastKnownFileType = text.script.python; path = face_recognition.py; sourceTree = "<group>"; };
		3A2F1EFE1EA041480037AE41 /* robust_version.py */ = {isa = PBXFileReference; lastKnownFileType = text.script.python; path = robust_version.py; sourceTree = "<group>"; };
/* End PBXFileReference section */

/* Begin PBXGroup section */
		3A2F1EF51EA0408A0037AE41 = {
			isa = PBXGroup;
			children = (
				3A2F1EFC1EA041480037AE41 /* test.py */,
				3A2F1EFD1EA041480037AE41 /* face_recognition.py */,
				3A2F1EFE1EA041480037AE41 /* robust_version.py */,
			);
			sourceTree = "<group>";
		};
/* End PBXGroup section */

/* Begin PBXProject section */
		3A2F1EF61EA0408A0037AE41 /* Project object */ = {
			isa = PBXProject;
			attributes = {
				LastUpgradeCheck = 0830;
			};
			buildConfigurationList = 3A2F1EF91EA0408A0037AE41 /* Build configuration list for PBXProject "sparseRepresentationCourseProject" */;
			compatibilityVersion = "Xcode 3.2";
			developmentRegion = English;
			hasScannedForEncodings = 0;
			knownRegions = (
				en,
			);
			mainGroup = 3A2F1EF51EA0408A0037AE41;
			projectDirPath = "";
			projectRoot = "";
			targets = (
			);
		};
/* End PBXProject section */

/* Begin XCBuildConfiguration section */
		3A2F1EFA1EA0408A0037AE41 /* Debug */ = {
			isa = XCBuildConfiguration;
			buildSettings = {
			};
			name = Debug;
		};
		3A2F1EFB1EA0408A0037AE41 /* Release */ = {
			isa = XCBuildConfiguration;
			buildSettings = {
			};
			name = Release;
		};
/* End XCBuildConfiguration section */

/* Begin XCConfigurationList section */
		3A2F1EF91EA0408A0037AE41 /* Build configuration list for PBXProject "sparseRepresentationCourseProject" */ = {
			isa = XCConfigurationList;
			buildConfigurations = (
				3A2F1EFA1EA0408A0037AE41 /* Debug */,
				3A2F1EFB1EA0408A0037AE41 /* Release */,
			);
			defaultConfigurationIsVisible = 0;
			defaultConfigurationName = Release;
		};
/* End XCConfigurationList section */
	};
	rootObject = 3A2F1EF61EA0408A0037AE41 /* Project object */;
}
